
Microsoft Visual Studio Solution File, Format Version 12.00
# Visual Studio 2013
VisualStudioVersion = 12.0.30110.0
MinimumVisualStudioVersion = 10.0.40219.1
Project("{FAE04EC0-301F-11D3-BF4B-00C04F79EFBC}") = "GCMDeveloperPracticum", "GCMDeveloperPracticum\GCMDeveloperPracticum.csproj", "{22A78DA8-76E8-417B-AE52-BD515E2D039D}"
EndProject
Project("{FAE04EC0-301F-11D3-BF4B-00C04F79EFBC}") = "GCMDeveloperPracticumTest", "GCMDeveloperPracticumTest\GCMDeveloperPracticumTest.csproj", "{DED480F1-36B0-4938-A988-C6A6BD2E4740}"
EndProject
Project("{2150E333-8FDC-42A3-9474-1A3956D46DE8}") = "Solution Items", "Solution Items", "{27C74145-8551-4B82-BFE4-624C80F3FA66}"
	ProjectSection(SolutionItems) = preProject
		build.bat = build.bat
		README.txt = README.txt
	EndProjectSection
EndProject
Global
	GlobalSection(SolutionConfigurationPlatforms) = preSolution
		Debug|Any CPU = Debug|Any CPU
		Release|Any CPU = Release|Any CPU
	EndGlobalSection
	GlobalSection(ProjectConfigurationPlatforms) = postSolution
		{22A78DA8-76E8-417B-AE52-BD515E2D039D}.Debug|Any CPU.ActiveCfg = Debug|Any CPU
		{22A78DA8-76E8-417B-AE52-BD515E2D039D}.Debug|Any CPU.Build.0 = Debug|Any CPU
		{22A78DA8-76E8-417B-AE52-BD515E2D039D}.Release|Any CPU.ActiveCfg = Release|Any CPU
		{22A78DA8-76E8-417B-AE52-BD515E2D039D}.Release|Any CPU.Build.0 = Release|Any CPU
		{DED480F1-36B0-4938-A988-C6A6BD2E4740}.Debug|Any CPU.ActiveCfg = Debug|Any CPU
		{DED480F1-36B0-4938-A988-C6A6BD2E4740}.Debug|Any CPU.Build.0 = Debug|Any CPU
		{DED480F1-36B0-4938-A988-C6A6BD2E4740}.Release|Any CPU.ActiveCfg = Release|Any CPU
		{DED480F1-36B0-4938-A988-C6A6BD2E4740}.Release|Any CPU.Build.0 = Release|Any CPU
	EndGlobalSection
	GlobalSection(SolutionProperties) = preSolution
		HideSolutionNode = FALSE
	EndGlobalSection
EndGlobal
